<?xml version="1.0" encoding="utf-8"?>
<Project ToolsVersion="4.0" xmlns="http://schemas.microsoft.com/developer/msbuild/2003">
  <ItemGroup>
    <FxCompile Include="shader\common.hlsl">
      <Filter>shader</Filter>
    </FxCompile>
    <FxCompile Include="shader\WavePS.hlsl">
      <Filter>shader</Filter>
    </FxCompile>
    <FxCompile Include="shader\WaveVS.hlsl">
      <Filter>shader</Filter>
    </FxCompile>
    <FxCompile Include="shader\unlitTexturePS.hlsl">
      <Filter>shader</Filter>
    </FxCompile>
    <FxCompile Include="shader\unlitTextureVS.hlsl">
      <Filter>shader</Filter>
    </FxCompile>
    <FxCompile Include="shader\litTexturePS.hlsl">
      <Filter>shader</Filter>
    </FxCompile>
    <FxCompile Include="shader\litTextureVS.hlsl">
      <Filter>shader</Filter>
    </FxCompile>
  </ItemGroup>
  <ItemGroup>
    <ClCompile Include="Application.cpp" />
    <ClCompile Include="AssimpPerse.cpp" />
    <ClCompile Include="Camera.cpp" />
    <ClCompile Include="Collision.cpp" />
    <ClCompile Include="dx11helper.cpp" />
    <ClCompile Include="Game.cpp" />
    <ClCompile Include="input.cpp" />
    <ClCompile Include="StaticMesh.cpp" />
    <ClCompile Include="stb_image.cpp" />
    <ClCompile Include="main.cpp" />
    <ClCompile Include="Renderer.cpp" />
    <ClCompile Include="Shader.cpp" />
    <ClCompile Include="Texture.cpp" />
    <ClCompile Include="Texture2D.cpp" />
    <ClCompile Include="utility.cpp" />
    <ClCompile Include="Wave.cpp" />
    <ClCompile Include="TestCube.cpp">
      <Filter>Object</Filter>
    </ClCompile>
    <ClCompile Include="TestModel.cpp">
      <Filter>Object</Filter>
    </ClCompile>
    <ClCompile Include="TestPlane.cpp">
      <Filter>Object</Filter>
    </ClCompile>
    <ClCompile Include="Object.cpp">
      <Filter>Object</Filter>
    </ClCompile>
    <ClCompile Include="Pole.cpp">
      <Filter>Object</Filter>
    </ClCompile>
    <ClCompile Include="Map.cpp">
      <Filter>Object</Filter>
    </ClCompile>
    <ClCompile Include="Ground.cpp">
      <Filter>Object</Filter>
    </ClCompile>
    <ClCompile Include="GolfBall.cpp">
      <Filter>Object</Filter>
    </ClCompile>
    <ClCompile Include="Enemy.cpp">
      <Filter>Object</Filter>
    </ClCompile>
    <ClCompile Include="Arrow.cpp">
      <Filter>Object</Filter>
    </ClCompile>
    <ClCompile Include="ResultScene.cpp">
      <Filter>Scene</Filter>
    </ClCompile>
    <ClCompile Include="Scene.cpp">
      <Filter>Scene</Filter>
    </ClCompile>
    <ClCompile Include="Stage1Scene.cpp">
      <Filter>Scene</Filter>
    </ClCompile>
    <ClCompile Include="TitleScene.cpp">
      <Filter>Scene</Filter>
    </ClCompile>
    <ClCompile Include="Num.cpp">
      <Filter>Object</Filter>
    </ClCompile>
  </ItemGroup>
  <ItemGroup>
    <ClInclude Include="Application.h" />
    <ClInclude Include="AssimpPerse.h" />
    <ClInclude Include="Camera.h" />
    <ClInclude Include="Collision.h" />
    <ClInclude Include="dx11helper.h" />
    <ClInclude Include="Game.h" />
    <ClInclude Include="input.h" />
    <ClInclude Include="Material.h" />
    <ClInclude Include="Mesh.h" />
    <ClInclude Include="MeshRenderer.h" />
    <ClInclude Include="StaticMesh.h" />
    <ClInclude Include="stb_image.h" />
    <ClInclude Include="IndexBuffer.h" />
    <ClInclude Include="main.h" />
    <ClInclude Include="Renderer.h" />
    <ClInclude Include="Shader.h" />
    <ClInclude Include="Texture.h" />
    <ClInclude Include="Texture2D.h" />
    <ClInclude Include="utility.h" />
    <ClInclude Include="VertexBuffer.h" />
    <ClInclude Include="Wave.h" />
    <ClInclude Include="Arrow.h">
      <Filter>Object\headder</Filter>
    </ClInclude>
    <ClInclude Include="Enemy.h">
      <Filter>Object\headder</Filter>
    </ClInclude>
    <ClInclude Include="GolfBall.h">
      <Filter>Object\headder</Filter>
    </ClInclude>
    <ClInclude Include="Ground.h">
      <Filter>Object\headder</Filter>
    </ClInclude>
    <ClInclude Include="Map.h">
      <Filter>Object\headder</Filter>
    </ClInclude>
    <ClInclude Include="Object.h">
      <Filter>Object\headder</Filter>
    </ClInclude>
    <ClInclude Include="Pole.h">
      <Filter>Object\headder</Filter>
    </ClInclude>
    <ClInclude Include="TestCube.h">
      <Filter>Object\headder</Filter>
    </ClInclude>
    <ClInclude Include="TestModel.h">
      <Filter>Object\headder</Filter>
    </ClInclude>
    <ClInclude Include="TestPlane.h">
      <Filter>Object\headder</Filter>
    </ClInclude>
    <ClInclude Include="ResultScene.h">
      <Filter>Scene\headder</Filter>
    </ClInclude>
    <ClInclude Include="Scene.h">
      <Filter>Scene\headder</Filter>
    </ClInclude>
    <ClInclude Include="Stage1Scene.h">
      <Filter>Scene\headder</Filter>
    </ClInclude>
    <ClInclude Include="TitleScene.h">
      <Filter>Scene\headder</Filter>
    </ClInclude>
    <ClInclude Include="Num.h">
      <Filter>Object\headder</Filter>
    </ClInclude>
  </ItemGroup>
  <ItemGroup>
    <Filter Include="Object">
      <UniqueIdentifier>{037628d6-3181-4f20-a479-ded07bc797ca}</UniqueIdentifier>
    </Filter>
    <Filter Include="Object\headder">
      <UniqueIdentifier>{61adcd14-a168-4876-b6a6-30209f15f487}</UniqueIdentifier>
    </Filter>
    <Filter Include="Scene">
      <UniqueIdentifier>{9d0ba76f-d0fd-48a3-92b7-1419f3081d1e}</UniqueIdentifier>
    </Filter>
    <Filter Include="Scene\headder">
      <UniqueIdentifier>{ebe38b7c-e8a5-4f50-9fea-8b2cb5346abe}</UniqueIdentifier>
    </Filter>
    <Filter Include="shader">
      <UniqueIdentifier>{48278f93-af97-4891-9f0d-86c65a34da5b}</UniqueIdentifier>
    </Filter>
  </ItemGroup>
</Project>